
Microsoft Visual Studio Solution File, Format Version 12.00
# Visual Studio Version 17
VisualStudioVersion = 17.9.34728.123
MinimumVisualStudioVersion = 10.0.40219.1
Project("{FAE04EC0-301F-11D3-BF4B-00C04F79EFBC}") = "SchoolApplication", "SchoolApplication.csproj", "{8499DAB0-E4C9-4A7A-8AC3-BAA0DA4639BF}"
EndProject
Global
	GlobalSection(SolutionConfigurationPlatforms) = preSolution
		Debug|Any CPU = Debug|Any CPU
		Release|Any CPU = Release|Any CPU
	EndGlobalSection
	GlobalSection(ProjectConfigurationPlatforms) = postSolution
		{8499DAB0-E4C9-4A7A-8AC3-BAA0DA4639BF}.Debug|Any CPU.ActiveCfg = Debug|Any CPU
		{8499DAB0-E4C9-4A7A-8AC3-BAA0DA4639BF}.Debug|Any CPU.Build.0 = Debug|Any CPU
		{8499DAB0-E4C9-4A7A-8AC3-BAA0DA4639BF}.Release|Any CPU.ActiveCfg = Release|Any CPU
		{8499DAB0-E4C9-4A7A-8AC3-BAA0DA4639BF}.Release|Any CPU.Build.0 = Release|Any CPU
	EndGlobalSection
	GlobalSection(SolutionProperties) = preSolution
		HideSolutionNode = FALSE
	EndGlobalSection
	GlobalSection(ExtensibilityGlobals) = postSolution
		SolutionGuid = {4680EA1C-6C27-4F48-89CC-298D02F640EB}
	EndGlobalSection
EndGlobal
